// !$*UTF8*$!
{
	archiveVersion = 1;
	classes = {
	};
	objectVersion = 50;
	objects = {

/* Begin PBXBuildFile section */
		486E1E7423EAECC000515733 /* AppDelegate.swift in Sources */ = {isa = PBXBuildFile; fileRef = 486E1E7323EAECC000515733 /* AppDelegate.swift */; };
		486E1E7623EAECC000515733 /* SceneDelegate.swift in Sources */ = {isa = PBXBuildFile; fileRef = 486E1E7523EAECC000515733 /* SceneDelegate.swift */; };
		486E1E7823EAECC000515733 /* ViewController.swift in Sources */ = {isa = PBXBuildFile; fileRef = 486E1E7723EAECC000515733 /* ViewController.swift */; };
		486E1E7B23EAECC000515733 /* Main.storyboard in Resources */ = {isa = PBXBuildFile; fileRef = 486E1E7923EAECC000515733 /* Main.storyboard */; };
		486E1E7D23EAECC100515733 /* Assets.xcassets in Resources */ = {isa = PBXBuildFile; fileRef = 486E1E7C23EAECC100515733 /* Assets.xcassets */; };
		486E1E8023EAECC100515733 /* LaunchScreen.storyboard in Resources */ = {isa = PBXBuildFile; fileRef = 486E1E7E23EAECC100515733 /* LaunchScreen.storyboard */; };
		486E1E8B23EAECC100515733 /* loginTests.swift in Sources */ = {isa = PBXBuildFile; fileRef = 486E1E8A23EAECC100515733 /* loginTests.swift */; };
		486E1E9623EAECC100515733 /* loginUITests.swift in Sources */ = {isa = PBXBuildFile; fileRef = 486E1E9523EAECC100515733 /* loginUITests.swift */; };
/* End PBXBuildFile section */

/* Begin PBXContainerItemProxy section */
		486E1E8723EAECC100515733 /* PBXContainerItemProxy */ = {
			isa = PBXContainerItemProxy;
			containerPortal = 486E1E6823EAECC000515733 /* Project object */;
			proxyType = 1;
			remoteGlobalIDString = 486E1E6F23EAECC000515733;
			remoteInfo = login;
		};
		486E1E9223EAECC100515733 /* PBXContainerItemProxy */ = {
			isa = PBXContainerItemProxy;
			containerPortal = 486E1E6823EAECC000515733 /* Project object */;
			proxyType = 1;
			remoteGlobalIDString = 486E1E6F23EAECC000515733;
			remoteInfo = login;
		};
/* End PBXContainerItemProxy section */

/* Begin PBXFileReference section */
		486E1E7023EAECC000515733 /* login.app */ = {isa = PBXFileReference; explicitFileType = wrapper.application; includeInIndex = 0; path = login.app; sourceTree = BUILT_PRODUCTS_DIR; };
		486E1E7323EAECC000515733 /* AppDelegate.swift */ = {isa = PBXFileReference; lastKnownFileType = sourcecode.swift; path = AppDelegate.swift; sourceTree = "<group>"; };
		486E1E7523EAECC000515733 /* SceneDelegate.swift */ = {isa = PBXFileReference; lastKnownFileType = sourcecode.swift; path = SceneDelegate.swift; sourceTree = "<group>"; };
		486E1E7723EAECC000515733 /* ViewController.swift */ = {isa = PBXFileReference; lastKnownFileType = sourcecode.swift; path = ViewController.swift; sourceTree = "<group>"; };
		486E1E7A23EAECC000515733 /* Base */ = {isa = PBXFileReference; lastKnownFileType = file.storyboard; name = Base; path = Base.lproj/Main.storyboard; sourceTree = "<group>"; };
		486E1E7C23EAECC100515733 /* Assets.xcassets */ = {isa = PBXFileReference; lastKnownFileType = folder.assetcatalog; path = Assets.xcassets; sourceTree = "<group>"; };
		486E1E7F23EAECC100515733 /* Base */ = {isa = PBXFileReference; lastKnownFileType = file.storyboard; name = Base; path = Base.lproj/LaunchScreen.storyboard; sourceTree = "<group>"; };
		486E1E8123EAECC100515733 /* Info.plist */ = {isa = PBXFileReference; lastKnownFileType = text.plist.xml; path = Info.plist; sourceTree = "<group>"; };
		486E1E8623EAECC100515733 /* loginTests.xctest */ = {isa = PBXFileReference; explicitFileType = wrapper.cfbundle; includeInIndex = 0; path = loginTests.xctest; sourceTree = BUILT_PRODUCTS_DIR; };
		486E1E8A23EAECC100515733 /* loginTests.swift */ = {isa = PBXFileReference; lastKnownFileType = sourcecode.swift; path = loginTests.swift; sourceTree = "<group>"; };
		486E1E8C23EAECC100515733 /* Info.plist */ = {isa = PBXFileReference; lastKnownFileType = text.plist.xml; path = Info.plist; sourceTree = "<group>"; };
		486E1E9123EAECC100515733 /* loginUITests.xctest */ = {isa = PBXFileReference; explicitFileType = wrapper.cfbundle; includeInIndex = 0; path = loginUITests.xctest; sourceTree = BUILT_PRODUCTS_DIR; };
		486E1E9523EAECC100515733 /* loginUITests.swift */ = {isa = PBXFileReference; lastKnownFileType = sourcecode.swift; path = loginUITests.swift; sourceTree = "<group>"; };
		486E1E9723EAECC100515733 /* Info.plist */ = {isa = PBXFileReference; lastKnownFileType = text.plist.xml; path = Info.plist; sourceTree = "<group>"; };
/* End PBXFileReference section */

/* Begin PBXFrameworksBuildPhase section */
		486E1E6D23EAECC000515733 /* Frameworks */ = {
			isa = PBXFrameworksBuildPhase;
			buildActionMask = 2147483647;
			files = (
			);
			runOnlyForDeploymentPostprocessing = 0;
		};
		486E1E8323EAECC100515733 /* Frameworks */ = {
			isa = PBXFrameworksBuildPhase;
			buildActionMask = 2147483647;
			files = (
			);
			runOnlyForDeploymentPostprocessing = 0;
		};
		486E1E8E23EAECC100515733 /* Frameworks */ = {
			isa = PBXFrameworksBuildPhase;
			buildActionMask = 2147483647;
			files = (
			);
			runOnlyForDeploymentPostprocessing = 0;
		};
/* End PBXFrameworksBuildPhase section */

/* Begin PBXGroup section */
		486E1E6723EAECC000515733 = {
			isa = PBXGroup;
			children = (
				486E1E7223EAECC000515733 /* login */,
				486E1E8923EAECC100515733 /* loginTests */,
				486E1E9423EAECC100515733 /* loginUITests */,
				486E1E7123EAECC000515733 /* Products */,
			);
			sourceTree = "<group>";
		};
		486E1E7123EAECC000515733 /* Products */ = {
			isa = PBXGroup;
			children = (
				486E1E7023EAECC000515733 /* login.app */,
				486E1E8623EAECC100515733 /* loginTests.xctest */,
				486E1E9123EAECC100515733 /* loginUITests.xctest */,
			);
			name = Products;
			sourceTree = "<group>";
		};
		486E1E7223EAECC000515733 /* login */ = {
			isa = PBXGroup;
			children = (
				486E1E7323EAECC000515733 /* AppDelegate.swift */,
				486E1E7523EAECC000515733 /* SceneDelegate.swift */,
				486E1E7723EAECC000515733 /* ViewController.swift */,
				486E1E7923EAECC000515733 /* Main.storyboard */,
				486E1E7C23EAECC100515733 /* Assets.xcassets */,
				486E1E7E23EAECC100515733 /* LaunchScreen.storyboard */,
				486E1E8123EAECC100515733 /* Info.plist */,
			);
			path = login;
			sourceTree = "<group>";
		};
		486E1E8923EAECC100515733 /* loginTests */ = {
			isa = PBXGroup;
			children = (
				486E1E8A23EAECC100515733 /* loginTests.swift */,
				486E1E8C23EAECC100515733 /* Info.plist */,
			);
			path = loginTests;
			sourceTree = "<group>";
		};
		486E1E9423EAECC100515733 /* loginUITests */ = {
			isa = PBXGroup;
			children = (
				486E1E9523EAECC100515733 /* loginUITests.swift */,
				486E1E9723EAECC100515733 /* Info.plist */,
			);
			path = loginUITests;
			sourceTree = "<group>";
		};
/* End PBXGroup section */

/* Begin PBXNativeTarget section */
		486E1E6F23EAECC000515733 /* login */ = {
			isa = PBXNativeTarget;
			buildConfigurationList = 486E1E9A23EAECC100515733 /* Build configuration list for PBXNativeTarget "login" */;
			buildPhases = (
				486E1E6C23EAECC000515733 /* Sources */,
				486E1E6D23EAECC000515733 /* Frameworks */,
				486E1E6E23EAECC000515733 /* Resources */,
			);
			buildRules = (
			);
			dependencies = (
			);
			name = login;
			productName = login;
			productReference = 486E1E7023EAECC000515733 /* login.app */;
			productType = "com.apple.product-type.application";
		};
		486E1E8523EAECC100515733 /* loginTests */ = {
			isa = PBXNativeTarget;
			buildConfigurationList = 486E1E9D23EAECC100515733 /* Build configuration list for PBXNativeTarget "loginTests" */;
			buildPhases = (
				486E1E8223EAECC100515733 /* Sources */,
				486E1E8323EAECC100515733 /* Frameworks */,
				486E1E8423EAECC100515733 /* Resources */,
			);
			buildRules = (
			);
			dependencies = (
				486E1E8823EAECC100515733 /* PBXTargetDependency */,
			);
			name = loginTests;
			productName = loginTests;
			productReference = 486E1E8623EAECC100515733 /* loginTests.xctest */;
			productType = "com.apple.product-type.bundle.unit-test";
		};
		486E1E9023EAECC100515733 /* loginUITests */ = {
			isa = PBXNativeTarget;
			buildConfigurationList = 486E1EA023EAECC100515733 /* Build configuration list for PBXNativeTarget "loginUITests" */;
			buildPhases = (
				486E1E8D23EAECC100515733 /* Sources */,
				486E1E8E23EAECC100515733 /* Frameworks */,
				486E1E8F23EAECC100515733 /* Resources */,
			);
			buildRules = (
			);
			dependencies = (
				486E1E9323EAECC100515733 /* PBXTargetDependency */,
			);
			name = loginUITests;
			productName = loginUITests;
			productReference = 486E1E9123EAECC100515733 /* loginUITests.xctest */;
			productType = "com.apple.product-type.bundle.ui-testing";
		};
/* End PBXNativeTarget section */

/* Begin PBXProject section */
		486E1E6823EAECC000515733 /* Project object */ = {
			isa = PBXProject;
			attributes = {
				LastSwiftUpdateCheck = 1130;
				LastUpgradeCheck = 1130;
				ORGANIZATIONNAME = sgcarmart;
				TargetAttributes = {
					486E1E6F23EAECC000515733 = {
						CreatedOnToolsVersion = 11.3.1;
					};
					486E1E8523EAECC100515733 = {
						CreatedOnToolsVersion = 11.3.1;
						TestTargetID = 486E1E6F23EAECC000515733;
					};
					486E1E9023EAECC100515733 = {
						CreatedOnToolsVersion = 11.3.1;
						TestTargetID = 486E1E6F23EAECC000515733;
					};
				};
			};
			buildConfigurationList = 486E1E6B23EAECC000515733 /* Build configuration list for PBXProject "login" */;
			compatibilityVersion = "Xcode 9.3";
			developmentRegion = en;
			hasScannedForEncodings = 0;
			knownRegions = (
				en,
				Base,
			);
			mainGroup = 486E1E6723EAECC000515733;
			productRefGroup = 486E1E7123EAECC000515733 /* Products */;
			projectDirPath = "";
			projectRoot = "";
			targets = (
				486E1E6F23EAECC000515733 /* login */,
				486E1E8523EAECC100515733 /* loginTests */,
				486E1E9023EAECC100515733 /* loginUITests */,
			);
		};
/* End PBXProject section */

/* Begin PBXResourcesBuildPhase section */
		486E1E6E23EAECC000515733 /* Resources */ = {
			isa = PBXResourcesBuildPhase;
			buildActionMask = 2147483647;
			files = (
				486E1E8023EAECC100515733 /* LaunchScreen.storyboard in Resources */,
				486E1E7D23EAECC100515733 /* Assets.xcassets in Resources */,
				486E1E7B23EAECC000515733 /* Main.storyboard in Resources */,
			);
			runOnlyForDeploymentPostprocessing = 0;
		};
		486E1E8423EAECC100515733 /* Resources */ = {
			isa = PBXResourcesBuildPhase;
			buildActionMask = 2147483647;
			files = (
			);
			runOnlyForDeploymentPostprocessing = 0;
		};
		486E1E8F23EAECC100515733 /* Resources */ = {
			isa = PBXResourcesBuildPhase;
			buildActionMask = 2147483647;
			files = (
			);
			runOnlyForDeploymentPostprocessing = 0;
		};
/* End PBXResourcesBuildPhase section */

/* Begin PBXSourcesBuildPhase section */
		486E1E6C23EAECC000515733 /* Sources */ = {
			isa = PBXSourcesBuildPhase;
			buildActionMask = 2147483647;
			files = (
				486E1E7823EAECC000515733 /* ViewController.swift in Sources */,
				486E1E7423EAECC000515733 /* AppDelegate.swift in Sources */,
				486E1E7623EAECC000515733 /* SceneDelegate.swift in Sources */,
			);
			runOnlyForDeploymentPostprocessing = 0;
		};
		486E1E8223EAECC100515733 /* Sources */ = {
			isa = PBXSourcesBuildPhase;
			buildActionMask = 2147483647;
			files = (
				486E1E8B23EAECC100515733 /* loginTests.swift in Sources */,
			);
			runOnlyForDeploymentPostprocessing = 0;
		};
		486E1E8D23EAECC100515733 /* Sources */ = {
			isa = PBXSourcesBuildPhase;
			buildActionMask = 2147483647;
			files = (
				486E1E9623EAECC100515733 /* loginUITests.swift in Sources */,
			);
			runOnlyForDeploymentPostprocessing = 0;
		};
/* End PBXSourcesBuildPhase section */

/* Begin PBXTargetDependency section */
		486E1E8823EAECC100515733 /* PBXTargetDependency */ = {
			isa = PBXTargetDependency;
			target = 486E1E6F23EAECC000515733 /* login */;
			targetProxy = 486E1E8723EAECC100515733 /* PBXContainerItemProxy */;
		};
		486E1E9323EAECC100515733 /* PBXTargetDependency */ = {
			isa = PBXTargetDependency;
			target = 486E1E6F23EAECC000515733 /* login */;
			targetProxy = 486E1E9223EAECC100515733 /* PBXContainerItemProxy */;
		};
/* End PBXTargetDependency section */

/* Begin PBXVariantGroup section */
		486E1E7923EAECC000515733 /* Main.storyboard */ = {
			isa = PBXVariantGroup;
			children = (
				486E1E7A23EAECC000515733 /* Base */,
			);
			name = Main.storyboard;
			sourceTree = "<group>";
		};
		486E1E7E23EAECC100515733 /* LaunchScreen.storyboard */ = {
			isa = PBXVariantGroup;
			children = (
				486E1E7F23EAECC100515733 /* Base */,
			);
			name = LaunchScreen.storyboard;
			sourceTree = "<group>";
		};
/* End PBXVariantGroup section */

/* Begin XCBuildConfiguration section */
		486E1E9823EAECC100515733 /* Debug */ = {
			isa = XCBuildConfiguration;
			buildSettings = {
				ALWAYS_SEARCH_USER_PATHS = NO;
				CLANG_ANALYZER_NONNULL = YES;
				CLANG_ANALYZER_NUMBER_OBJECT_CONVERSION = YES_AGGRESSIVE;
				CLANG_CXX_LANGUAGE_STANDARD = "gnu++14";
				CLANG_CXX_LIBRARY = "libc++";
				CLANG_ENABLE_MODULES = YES;
				CLANG_ENABLE_OBJC_ARC = YES;
				CLANG_ENABLE_OBJC_WEAK = YES;
				CLANG_WARN_BLOCK_CAPTURE_AUTORELEASING = YES;
				CLANG_WARN_BOOL_CONVERSION = YES;
				CLANG_WARN_COMMA = YES;
				CLANG_WARN_CONSTANT_CONVERSION = YES;
				CLANG_WARN_DEPRECATED_OBJC_IMPLEMENTATIONS = YES;
				CLANG_WARN_DIRECT_OBJC_ISA_USAGE = YES_ERROR;
				CLANG_WARN_DOCUMENTATION_COMMENTS = YES;
				CLANG_WARN_EMPTY_BODY = YES;
				CLANG_WARN_ENUM_CONVERSION = YES;
				CLANG_WARN_INFINITE_RECURSION = YES;
				CLANG_WARN_INT_CONVERSION = YES;
				CLANG_WARN_NON_LITERAL_NULL_CONVERSION = YES;
				CLANG_WARN_OBJC_IMPLICIT_RETAIN_SELF = YES;
				CLANG_WARN_OBJC_LITERAL_CONVERSION = YES;
				CLANG_WARN_OBJC_ROOT_CLASS = YES_ERROR;
				CLANG_WARN_RANGE_LOOP_ANALYSIS = YES;
				CLANG_WARN_STRICT_PROTOTYPES = YES;
				CLANG_WARN_SUSPICIOUS_MOVE = YES;
				CLANG_WARN_UNGUARDED_AVAILABILITY = YES_AGGRESSIVE;
				CLANG_WARN_UNREACHABLE_CODE = YES;
				CLANG_WARN__DUPLICATE_METHOD_MATCH = YES;
				COPY_PHASE_STRIP = NO;
				DEBUG_INFORMATION_FORMAT = dwarf;
				ENABLE_STRICT_OBJC_MSGSEND = YES;
				ENABLE_TESTABILITY = YES;
				GCC_C_LANGUAGE_STANDARD = gnu11;
				GCC_DYNAMIC_NO_PIC = NO;
				GCC_NO_COMMON_BLOCKS = YES;
				GCC_OPTIMIZATION_LEVEL = 0;
				GCC_PREPROCESSOR_DEFINITIONS = (
					"DEBUG=1",
					"$(inherited)",
				);
				GCC_WARN_64_TO_32_BIT_CONVERSION = YES;
				GCC_WARN_ABOUT_RETURN_TYPE = YES_ERROR;
				GCC_WARN_UNDECLARED_SELECTOR = YES;
				GCC_WARN_UNINITIALIZED_AUTOS = YES_AGGRESSIVE;
				GCC_WARN_UNUSED_FUNCTION = YES;
				GCC_WARN_UNUSED_VARIABLE = YES;
				IPHONEOS_DEPLOYMENT_TARGET = 13.2;
				MTL_ENABLE_DEBUG_INFO = INCLUDE_SOURCE;
				MTL_FAST_MATH = YES;
				ONLY_ACTIVE_ARCH = YES;
				SDKROOT = iphoneos;
				SWIFT_ACTIVE_COMPILATION_CONDITIONS = DEBUG;
				SWIFT_OPTIMIZATION_LEVEL = "-Onone";
			};
			name = Debug;
		};
		486E1E9923EAECC100515733 /* Release */ = {
			isa = XCBuildConfiguration;
			buildSettings = {
				ALWAYS_SEARCH_USER_PATHS = NO;
				CLANG_ANALYZER_NONNULL = YES;
				CLANG_ANALYZER_NUMBER_OBJECT_CONVERSION = YES_AGGRESSIVE;
				CLANG_CXX_LANGUAGE_STANDARD = "gnu++14";
				CLANG_CXX_LIBRARY = "libc++";
				CLANG_ENABLE_MODULES = YES;
				CLANG_ENABLE_OBJC_ARC = YES;
				CLANG_ENABLE_OBJC_WEAK = YES;
				CLANG_WARN_BLOCK_CAPTURE_AUTORELEASING = YES;
				CLANG_WARN_BOOL_CONVERSION = YES;
				CLANG_WARN_COMMA = YES;
				CLANG_WARN_CONSTANT_CONVERSION = YES;
				CLANG_WARN_DEPRECATED_OBJC_IMPLEMENTATIONS = YES;
				CLANG_WARN_DIRECT_OBJC_ISA_USAGE = YES_ERROR;
				CLANG_WARN_DOCUMENTATION_COMMENTS = YES;
				CLANG_WARN_EMPTY_BODY = YES;
				CLANG_WARN_ENUM_CONVERSION = YES;
				CLANG_WARN_INFINITE_RECURSION = YES;
				CLANG_WARN_INT_CONVERSION = YES;
				CLANG_WARN_NON_LITERAL_NULL_CONVERSION = YES;
				CLANG_WARN_OBJC_IMPLICIT_RETAIN_SELF = YES;
				CLANG_WARN_OBJC_LITERAL_CONVERSION = YES;
				CLANG_WARN_OBJC_ROOT_CLASS = YES_ERROR;
				CLANG_WARN_RANGE_LOOP_ANALYSIS = YES;
				CLANG_WARN_STRICT_PROTOTYPES = YES;
				CLANG_WARN_SUSPICIOUS_MOVE = YES;
				CLANG_WARN_UNGUARDED_AVAILABILITY = YES_AGGRESSIVE;
				CLANG_WARN_UNREACHABLE_CODE = YES;
				CLANG_WARN__DUPLICATE_METHOD_MATCH = YES;
				COPY_PHASE_STRIP = NO;
				DEBUG_INFORMATION_FORMAT = "dwarf-with-dsym";
				ENABLE_NS_ASSERTIONS = NO;
				ENABLE_STRICT_OBJC_MSGSEND = YES;
				GCC_C_LANGUAGE_STANDARD = gnu11;
				GCC_NO_COMMON_BLOCKS = YES;
				GCC_WARN_64_TO_32_BIT_CONVERSION = YES;
				GCC_WARN_ABOUT_RETURN_TYPE = YES_ERROR;
				GCC_WARN_UNDECLARED_SELECTOR = YES;
				GCC_WARN_UNINITIALIZED_AUTOS = YES_AGGRESSIVE;
				GCC_WARN_UNUSED_FUNCTION = YES;
				GCC_WARN_UNUSED_VARIABLE = YES;
				IPHONEOS_DEPLOYMENT_TARGET = 13.2;
				MTL_ENABLE_DEBUG_INFO = NO;
				MTL_FAST_MATH = YES;
				SDKROOT = iphoneos;
				SWIFT_COMPILATION_MODE = wholemodule;
				SWIFT_OPTIMIZATION_LEVEL = "-O";
				VALIDATE_PRODUCT = YES;
			};
			name = Release;
		};
		486E1E9B23EAECC100515733 /* Debug */ = {
			isa = XCBuildConfiguration;
			buildSettings = {
				ASSETCATALOG_COMPILER_APPICON_NAME = AppIcon;
				CODE_SIGN_STYLE = Automatic;
				DEVELOPMENT_TEAM = F6YKXGCGJX;
				INFOPLIST_FILE = login/Info.plist;
				LD_RUNPATH_SEARCH_PATHS = (
					"$(inherited)",
					"@executable_path/Frameworks",
				);
				PRODUCT_BUNDLE_IDENTIFIER = test.login;
				PRODUCT_NAME = "$(TARGET_NAME)";
				SWIFT_VERSION = 5.0;
				TARGETED_DEVICE_FAMILY = "1,2";
			};
			name = Debug;
		};
		486E1E9C23EAECC100515733 /* Release */ = {
			isa = XCBuildConfiguration;
			buildSettings = {
				ASSETCATALOG_COMPILER_APPICON_NAME = AppIcon;
				CODE_SIGN_STYLE = Automatic;
				DEVELOPMENT_TEAM = F6YKXGCGJX;
				INFOPLIST_FILE = login/Info.plist;
				LD_RUNPATH_SEARCH_PATHS = (
					"$(inherited)",
					"@executable_path/Frameworks",
				);
				PRODUCT_BUNDLE_IDENTIFIER = test.login;
				PRODUCT_NAME = "$(TARGET_NAME)";
				SWIFT_VERSION = 5.0;
				TARGETED_DEVICE_FAMILY = "1,2";
			};
			name = Release;
		};
		486E1E9E23EAECC100515733 /* Debug */ = {
			isa = XCBuildConfiguration;
			buildSettings = {
				ALWAYS_EMBED_SWIFT_STANDARD_LIBRARIES = YES;
				BUNDLE_LOADER = "$(TEST_HOST)";
				CODE_SIGN_STYLE = Automatic;
				DEVELOPMENT_TEAM = F6YKXGCGJX;
				INFOPLIST_FILE = loginTests/Info.plist;
				IPHONEOS_DEPLOYMENT_TARGET = 13.2;
				LD_RUNPATH_SEARCH_PATHS = (
					"$(inherited)",
					"@executable_path/Frameworks",
					"@loader_path/Frameworks",
				);
				PRODUCT_BUNDLE_IDENTIFIER = test.loginTests;
				PRODUCT_NAME = "$(TARGET_NAME)";
				SWIFT_VERSION = 5.0;
				TARGETED_DEVICE_FAMILY = "1,2";
				TEST_HOST = "$(BUILT_PRODUCTS_DIR)/login.app/login";
			};
			name = Debug;
		};
		486E1E9F23EAECC100515733 /* Release */ = {
			isa = XCBuildConfiguration;
			buildSettings = {
				ALWAYS_EMBED_SWIFT_STANDARD_LIBRARIES = YES;
				BUNDLE_LOADER = "$(TEST_HOST)";
				CODE_SIGN_STYLE = Automatic;
				DEVELOPMENT_TEAM = F6YKXGCGJX;
				INFOPLIST_FILE = loginTests/Info.plist;
				IPHONEOS_DEPLOYMENT_TARGET = 13.2;
				LD_RUNPATH_SEARCH_PATHS = (
					"$(inherited)",
					"@executable_path/Frameworks",
					"@loader_path/Frameworks",
				);
				PRODUCT_BUNDLE_IDENTIFIER = test.loginTests;
				PRODUCT_NAME = "$(TARGET_NAME)";
				SWIFT_VERSION = 5.0;
				TARGETED_DEVICE_FAMILY = "1,2";
				TEST_HOST = "$(BUILT_PRODUCTS_DIR)/login.app/login";
			};
			name = Release;
		};
		486E1EA123EAECC100515733 /* Debug */ = {
			isa = XCBuildConfiguration;
			buildSettings = {
				ALWAYS_EMBED_SWIFT_STANDARD_LIBRARIES = YES;
				CODE_SIGN_STYLE = Automatic;
				DEVELOPMENT_TEAM = F6YKXGCGJX;
				INFOPLIST_FILE = loginUITests/Info.plist;
				LD_RUNPATH_SEARCH_PATHS = (
					"$(inherited)",
					"@executable_path/Frameworks",
					"@loader_path/Frameworks",
				);
				PRODUCT_BUNDLE_IDENTIFIER = test.loginUITests;
				PRODUCT_NAME = "$(TARGET_NAME)";
				SWIFT_VERSION = 5.0;
				TARGETED_DEVICE_FAMILY = "1,2";
				TEST_TARGET_NAME = login;
			};
			name = Debug;
		};
		486E1EA223EAECC100515733 /* Release */ = {
			isa = XCBuildConfiguration;
			buildSettings = {
				ALWAYS_EMBED_SWIFT_STANDARD_LIBRARIES = YES;
				CODE_SIGN_STYLE = Automatic;
				DEVELOPMENT_TEAM = F6YKXGCGJX;
				INFOPLIST_FILE = loginUITests/Info.plist;
				LD_RUNPATH_SEARCH_PATHS = (
					"$(inherited)",
					"@executable_path/Frameworks",
					"@loader_path/Frameworks",
				);
				PRODUCT_BUNDLE_IDENTIFIER = test.loginUITests;
				PRODUCT_NAME = "$(TARGET_NAME)";
				SWIFT_VERSION = 5.0;
				TARGETED_DEVICE_FAMILY = "1,2";
				TEST_TARGET_NAME = login;
			};
			name = Release;
		};
/* End XCBuildConfiguration section */

/* Begin XCConfigurationList section */
		486E1E6B23EAECC000515733 /* Build configuration list for PBXProject "login" */ = {
			isa = XCConfigurationList;
			buildConfigurations = (
				486E1E9823EAECC100515733 /* Debug */,
				486E1E9923EAECC100515733 /* Release */,
			);
			defaultConfigurationIsVisible = 0;
			defaultConfigurationName = Release;
		};
		486E1E9A23EAECC100515733 /* Build configuration list for PBXNativeTarget "login" */ = {
			isa = XCConfigurationList;
			buildConfigurations = (
				486E1E9B23EAECC100515733 /* Debug */,
				486E1E9C23EAECC100515733 /* Release */,
			);
			defaultConfigurationIsVisible = 0;
			defaultConfigurationName = Release;
		};
		486E1E9D23EAECC100515733 /* Build configuration list for PBXNativeTarget "loginTests" */ = {
			isa = XCConfigurationList;
			buildConfigurations = (
				486E1E9E23EAECC100515733 /* Debug */,
				486E1E9F23EAECC100515733 /* Release */,
			);
			defaultConfigurationIsVisible = 0;
			defaultConfigurationName = Release;
		};
		486E1EA023EAECC100515733 /* Build configuration list for PBXNativeTarget "loginUITests" */ = {
			isa = XCConfigurationList;
			buildConfigurations = (
				486E1EA123EAECC100515733 /* Debug */,
				486E1EA223EAECC100515733 /* Release */,
			);
			defaultConfigurationIsVisible = 0;
			defaultConfigurationName = Release;
		};
/* End XCConfigurationList section */
	};
	rootObject = 486E1E6823EAECC000515733 /* Project object */;
}
