// !$*UTF8*$!
{
	archiveVersion = 1;
	classes = {
	};
	objectVersion = 50;
	objects = {

/* Begin PBXBuildFile section */
		48684D8423EAF61E00AFC51F /* AppDelegate.swift in Sources */ = {isa = PBXBuildFile; fileRef = 48684D8323EAF61E00AFC51F /* AppDelegate.swift */; };
		48684D8623EAF61E00AFC51F /* SceneDelegate.swift in Sources */ = {isa = PBXBuildFile; fileRef = 48684D8523EAF61E00AFC51F /* SceneDelegate.swift */; };
		48684D8823EAF61E00AFC51F /* ViewController.swift in Sources */ = {isa = PBXBuildFile; fileRef = 48684D8723EAF61E00AFC51F /* ViewController.swift */; };
		48684D8B23EAF61E00AFC51F /* Main.storyboard in Resources */ = {isa = PBXBuildFile; fileRef = 48684D8923EAF61E00AFC51F /* Main.storyboard */; };
		48684D8D23EAF61F00AFC51F /* Assets.xcassets in Resources */ = {isa = PBXBuildFile; fileRef = 48684D8C23EAF61F00AFC51F /* Assets.xcassets */; };
		48684D9023EAF61F00AFC51F /* LaunchScreen.storyboard in Resources */ = {isa = PBXBuildFile; fileRef = 48684D8E23EAF61F00AFC51F /* LaunchScreen.storyboard */; };
		48684D9B23EAF62000AFC51F /* loginTests.swift in Sources */ = {isa = PBXBuildFile; fileRef = 48684D9A23EAF62000AFC51F /* loginTests.swift */; };
		48684DA623EAF62000AFC51F /* loginUITests.swift in Sources */ = {isa = PBXBuildFile; fileRef = 48684DA523EAF62000AFC51F /* loginUITests.swift */; };
		48684DB423EAFA2500AFC51F /* HomeViewController.swift in Sources */ = {isa = PBXBuildFile; fileRef = 48684DB323EAFA2500AFC51F /* HomeViewController.swift */; };
/* End PBXBuildFile section */

/* Begin PBXContainerItemProxy section */
		48684D9723EAF62000AFC51F /* PBXContainerItemProxy */ = {
			isa = PBXContainerItemProxy;
			containerPortal = 48684D7823EAF61E00AFC51F /* Project object */;
			proxyType = 1;
			remoteGlobalIDString = 48684D7F23EAF61E00AFC51F;
			remoteInfo = login;
		};
		48684DA223EAF62000AFC51F /* PBXContainerItemProxy */ = {
			isa = PBXContainerItemProxy;
			containerPortal = 48684D7823EAF61E00AFC51F /* Project object */;
			proxyType = 1;
			remoteGlobalIDString = 48684D7F23EAF61E00AFC51F;
			remoteInfo = login;
		};
/* End PBXContainerItemProxy section */

/* Begin PBXFileReference section */
		48684D8023EAF61E00AFC51F /* login.app */ = {isa = PBXFileReference; explicitFileType = wrapper.application; includeInIndex = 0; path = login.app; sourceTree = BUILT_PRODUCTS_DIR; };
		48684D8323EAF61E00AFC51F /* AppDelegate.swift */ = {isa = PBXFileReference; lastKnownFileType = sourcecode.swift; path = AppDelegate.swift; sourceTree = "<group>"; };
		48684D8523EAF61E00AFC51F /* SceneDelegate.swift */ = {isa = PBXFileReference; lastKnownFileType = sourcecode.swift; path = SceneDelegate.swift; sourceTree = "<group>"; };
		48684D8723EAF61E00AFC51F /* ViewController.swift */ = {isa = PBXFileReference; lastKnownFileType = sourcecode.swift; path = ViewController.swift; sourceTree = "<group>"; };
		48684D8A23EAF61E00AFC51F /* Base */ = {isa = PBXFileReference; lastKnownFileType = file.storyboard; name = Base; path = Base.lproj/Main.storyboard; sourceTree = "<group>"; };
		48684D8C23EAF61F00AFC51F /* Assets.xcassets */ = {isa = PBXFileReference; lastKnownFileType = folder.assetcatalog; path = Assets.xcassets; sourceTree = "<group>"; };
		48684D8F23EAF61F00AFC51F /* Base */ = {isa = PBXFileReference; lastKnownFileType = file.storyboard; name = Base; path = Base.lproj/LaunchScreen.storyboard; sourceTree = "<group>"; };
		48684D9123EAF61F00AFC51F /* Info.plist */ = {isa = PBXFileReference; lastKnownFileType = text.plist.xml; path = Info.plist; sourceTree = "<group>"; };
		48684D9623EAF62000AFC51F /* loginTests.xctest */ = {isa = PBXFileReference; explicitFileType = wrapper.cfbundle; includeInIndex = 0; path = loginTests.xctest; sourceTree = BUILT_PRODUCTS_DIR; };
		48684D9A23EAF62000AFC51F /* loginTests.swift */ = {isa = PBXFileReference; lastKnownFileType = sourcecode.swift; path = loginTests.swift; sourceTree = "<group>"; };
		48684D9C23EAF62000AFC51F /* Info.plist */ = {isa = PBXFileReference; lastKnownFileType = text.plist.xml; path = Info.plist; sourceTree = "<group>"; };
		48684DA123EAF62000AFC51F /* loginUITests.xctest */ = {isa = PBXFileReference; explicitFileType = wrapper.cfbundle; includeInIndex = 0; path = loginUITests.xctest; sourceTree = BUILT_PRODUCTS_DIR; };
		48684DA523EAF62000AFC51F /* loginUITests.swift */ = {isa = PBXFileReference; lastKnownFileType = sourcecode.swift; path = loginUITests.swift; sourceTree = "<group>"; };
		48684DA723EAF62000AFC51F /* Info.plist */ = {isa = PBXFileReference; lastKnownFileType = text.plist.xml; path = Info.plist; sourceTree = "<group>"; };
		48684DB323EAFA2500AFC51F /* HomeViewController.swift */ = {isa = PBXFileReference; lastKnownFileType = sourcecode.swift; path = HomeViewController.swift; sourceTree = "<group>"; };
/* End PBXFileReference section */

/* Begin PBXFrameworksBuildPhase section */
		48684D7D23EAF61E00AFC51F /* Frameworks */ = {
			isa = PBXFrameworksBuildPhase;
			buildActionMask = 2147483647;
			files = (
			);
			runOnlyForDeploymentPostprocessing = 0;
		};
		48684D9323EAF61F00AFC51F /* Frameworks */ = {
			isa = PBXFrameworksBuildPhase;
			buildActionMask = 2147483647;
			files = (
			);
			runOnlyForDeploymentPostprocessing = 0;
		};
		48684D9E23EAF62000AFC51F /* Frameworks */ = {
			isa = PBXFrameworksBuildPhase;
			buildActionMask = 2147483647;
			files = (
			);
			runOnlyForDeploymentPostprocessing = 0;
		};
/* End PBXFrameworksBuildPhase section */

/* Begin PBXGroup section */
		48684D7723EAF61E00AFC51F = {
			isa = PBXGroup;
			children = (
				48684D8223EAF61E00AFC51F /* login */,
				48684D9923EAF62000AFC51F /* loginTests */,
				48684DA423EAF62000AFC51F /* loginUITests */,
				48684D8123EAF61E00AFC51F /* Products */,
			);
			sourceTree = "<group>";
		};
		48684D8123EAF61E00AFC51F /* Products */ = {
			isa = PBXGroup;
			children = (
				48684D8023EAF61E00AFC51F /* login.app */,
				48684D9623EAF62000AFC51F /* loginTests.xctest */,
				48684DA123EAF62000AFC51F /* loginUITests.xctest */,
			);
			name = Products;
			sourceTree = "<group>";
		};
		48684D8223EAF61E00AFC51F /* login */ = {
			isa = PBXGroup;
			children = (
				48684D8323EAF61E00AFC51F /* AppDelegate.swift */,
				48684D8523EAF61E00AFC51F /* SceneDelegate.swift */,
				48684D8723EAF61E00AFC51F /* ViewController.swift */,
				48684D8923EAF61E00AFC51F /* Main.storyboard */,
				48684D8C23EAF61F00AFC51F /* Assets.xcassets */,
				48684D8E23EAF61F00AFC51F /* LaunchScreen.storyboard */,
				48684D9123EAF61F00AFC51F /* Info.plist */,
				48684DB323EAFA2500AFC51F /* HomeViewController.swift */,
			);
			path = login;
			sourceTree = "<group>";
		};
		48684D9923EAF62000AFC51F /* loginTests */ = {
			isa = PBXGroup;
			children = (
				48684D9A23EAF62000AFC51F /* loginTests.swift */,
				48684D9C23EAF62000AFC51F /* Info.plist */,
			);
			path = loginTests;
			sourceTree = "<group>";
		};
		48684DA423EAF62000AFC51F /* loginUITests */ = {
			isa = PBXGroup;
			children = (
				48684DA523EAF62000AFC51F /* loginUITests.swift */,
				48684DA723EAF62000AFC51F /* Info.plist */,
			);
			path = loginUITests;
			sourceTree = "<group>";
		};
/* End PBXGroup section */

/* Begin PBXNativeTarget section */
		48684D7F23EAF61E00AFC51F /* login */ = {
			isa = PBXNativeTarget;
			buildConfigurationList = 48684DAA23EAF62000AFC51F /* Build configuration list for PBXNativeTarget "login" */;
			buildPhases = (
				48684D7C23EAF61E00AFC51F /* Sources */,
				48684D7D23EAF61E00AFC51F /* Frameworks */,
				48684D7E23EAF61E00AFC51F /* Resources */,
			);
			buildRules = (
			);
			dependencies = (
			);
			name = login;
			productName = login;
			productReference = 48684D8023EAF61E00AFC51F /* login.app */;
			productType = "com.apple.product-type.application";
		};
		48684D9523EAF61F00AFC51F /* loginTests */ = {
			isa = PBXNativeTarget;
			buildConfigurationList = 48684DAD23EAF62000AFC51F /* Build configuration list for PBXNativeTarget "loginTests" */;
			buildPhases = (
				48684D9223EAF61F00AFC51F /* Sources */,
				48684D9323EAF61F00AFC51F /* Frameworks */,
				48684D9423EAF61F00AFC51F /* Resources */,
			);
			buildRules = (
			);
			dependencies = (
				48684D9823EAF62000AFC51F /* PBXTargetDependency */,
			);
			name = loginTests;
			productName = loginTests;
			productReference = 48684D9623EAF62000AFC51F /* loginTests.xctest */;
			productType = "com.apple.product-type.bundle.unit-test";
		};
		48684DA023EAF62000AFC51F /* loginUITests */ = {
			isa = PBXNativeTarget;
			buildConfigurationList = 48684DB023EAF62000AFC51F /* Build configuration list for PBXNativeTarget "loginUITests" */;
			buildPhases = (
				48684D9D23EAF62000AFC51F /* Sources */,
				48684D9E23EAF62000AFC51F /* Frameworks */,
				48684D9F23EAF62000AFC51F /* Resources */,
			);
			buildRules = (
			);
			dependencies = (
				48684DA323EAF62000AFC51F /* PBXTargetDependency */,
			);
			name = loginUITests;
			productName = loginUITests;
			productReference = 48684DA123EAF62000AFC51F /* loginUITests.xctest */;
			productType = "com.apple.product-type.bundle.ui-testing";
		};
/* End PBXNativeTarget section */

/* Begin PBXProject section */
		48684D7823EAF61E00AFC51F /* Project object */ = {
			isa = PBXProject;
			attributes = {
				LastSwiftUpdateCheck = 1130;
				LastUpgradeCheck = 1130;
				ORGANIZATIONNAME = sgcarmart;
				TargetAttributes = {
					48684D7F23EAF61E00AFC51F = {
						CreatedOnToolsVersion = 11.3.1;
					};
					48684D9523EAF61F00AFC51F = {
						CreatedOnToolsVersion = 11.3.1;
						TestTargetID = 48684D7F23EAF61E00AFC51F;
					};
					48684DA023EAF62000AFC51F = {
						CreatedOnToolsVersion = 11.3.1;
						TestTargetID = 48684D7F23EAF61E00AFC51F;
					};
				};
			};
			buildConfigurationList = 48684D7B23EAF61E00AFC51F /* Build configuration list for PBXProject "login" */;
			compatibilityVersion = "Xcode 9.3";
			developmentRegion = en;
			hasScannedForEncodings = 0;
			knownRegions = (
				en,
				Base,
			);
			mainGroup = 48684D7723EAF61E00AFC51F;
			productRefGroup = 48684D8123EAF61E00AFC51F /* Products */;
			projectDirPath = "";
			projectRoot = "";
			targets = (
				48684D7F23EAF61E00AFC51F /* login */,
				48684D9523EAF61F00AFC51F /* loginTests */,
				48684DA023EAF62000AFC51F /* loginUITests */,
			);
		};
/* End PBXProject section */

/* Begin PBXResourcesBuildPhase section */
		48684D7E23EAF61E00AFC51F /* Resources */ = {
			isa = PBXResourcesBuildPhase;
			buildActionMask = 2147483647;
			files = (
				48684D9023EAF61F00AFC51F /* LaunchScreen.storyboard in Resources */,
				48684D8D23EAF61F00AFC51F /* Assets.xcassets in Resources */,
				48684D8B23EAF61E00AFC51F /* Main.storyboard in Resources */,
			);
			runOnlyForDeploymentPostprocessing = 0;
		};
		48684D9423EAF61F00AFC51F /* Resources */ = {
			isa = PBXResourcesBuildPhase;
			buildActionMask = 2147483647;
			files = (
			);
			runOnlyForDeploymentPostprocessing = 0;
		};
		48684D9F23EAF62000AFC51F /* Resources */ = {
			isa = PBXResourcesBuildPhase;
			buildActionMask = 2147483647;
			files = (
			);
			runOnlyForDeploymentPostprocessing = 0;
		};
/* End PBXResourcesBuildPhase section */

/* Begin PBXSourcesBuildPhase section */
		48684D7C23EAF61E00AFC51F /* Sources */ = {
			isa = PBXSourcesBuildPhase;
			buildActionMask = 2147483647;
			files = (
				48684D8823EAF61E00AFC51F /* ViewController.swift in Sources */,
				48684D8423EAF61E00AFC51F /* AppDelegate.swift in Sources */,
				48684D8623EAF61E00AFC51F /* SceneDelegate.swift in Sources */,
				48684DB423EAFA2500AFC51F /* HomeViewController.swift in Sources */,
			);
			runOnlyForDeploymentPostprocessing = 0;
		};
		48684D9223EAF61F00AFC51F /* Sources */ = {
			isa = PBXSourcesBuildPhase;
			buildActionMask = 2147483647;
			files = (
				48684D9B23EAF62000AFC51F /* loginTests.swift in Sources */,
			);
			runOnlyForDeploymentPostprocessing = 0;
		};
		48684D9D23EAF62000AFC51F /* Sources */ = {
			isa = PBXSourcesBuildPhase;
			buildActionMask = 2147483647;
			files = (
				48684DA623EAF62000AFC51F /* loginUITests.swift in Sources */,
			);
			runOnlyForDeploymentPostprocessing = 0;
		};
/* End PBXSourcesBuildPhase section */

/* Begin PBXTargetDependency section */
		48684D9823EAF62000AFC51F /* PBXTargetDependency */ = {
			isa = PBXTargetDependency;
			target = 48684D7F23EAF61E00AFC51F /* login */;
			targetProxy = 48684D9723EAF62000AFC51F /* PBXContainerItemProxy */;
		};
		48684DA323EAF62000AFC51F /* PBXTargetDependency */ = {
			isa = PBXTargetDependency;
			target = 48684D7F23EAF61E00AFC51F /* login */;
			targetProxy = 48684DA223EAF62000AFC51F /* PBXContainerItemProxy */;
		};
/* End PBXTargetDependency section */

/* Begin PBXVariantGroup section */
		48684D8923EAF61E00AFC51F /* Main.storyboard */ = {
			isa = PBXVariantGroup;
			children = (
				48684D8A23EAF61E00AFC51F /* Base */,
			);
			name = Main.storyboard;
			sourceTree = "<group>";
		};
		48684D8E23EAF61F00AFC51F /* LaunchScreen.storyboard */ = {
			isa = PBXVariantGroup;
			children = (
				48684D8F23EAF61F00AFC51F /* Base */,
			);
			name = LaunchScreen.storyboard;
			sourceTree = "<group>";
		};
/* End PBXVariantGroup section */

/* Begin XCBuildConfiguration section */
		48684DA823EAF62000AFC51F /* Debug */ = {
			isa = XCBuildConfiguration;
			buildSettings = {
				ALWAYS_SEARCH_USER_PATHS = NO;
				CLANG_ANALYZER_NONNULL = YES;
				CLANG_ANALYZER_NUMBER_OBJECT_CONVERSION = YES_AGGRESSIVE;
				CLANG_CXX_LANGUAGE_STANDARD = "gnu++14";
				CLANG_CXX_LIBRARY = "libc++";
				CLANG_ENABLE_MODULES = YES;
				CLANG_ENABLE_OBJC_ARC = YES;
				CLANG_ENABLE_OBJC_WEAK = YES;
				CLANG_WARN_BLOCK_CAPTURE_AUTORELEASING = YES;
				CLANG_WARN_BOOL_CONVERSION = YES;
				CLANG_WARN_COMMA = YES;
				CLANG_WARN_CONSTANT_CONVERSION = YES;
				CLANG_WARN_DEPRECATED_OBJC_IMPLEMENTATIONS = YES;
				CLANG_WARN_DIRECT_OBJC_ISA_USAGE = YES_ERROR;
				CLANG_WARN_DOCUMENTATION_COMMENTS = YES;
				CLANG_WARN_EMPTY_BODY = YES;
				CLANG_WARN_ENUM_CONVERSION = YES;
				CLANG_WARN_INFINITE_RECURSION = YES;
				CLANG_WARN_INT_CONVERSION = YES;
				CLANG_WARN_NON_LITERAL_NULL_CONVERSION = YES;
				CLANG_WARN_OBJC_IMPLICIT_RETAIN_SELF = YES;
				CLANG_WARN_OBJC_LITERAL_CONVERSION = YES;
				CLANG_WARN_OBJC_ROOT_CLASS = YES_ERROR;
				CLANG_WARN_RANGE_LOOP_ANALYSIS = YES;
				CLANG_WARN_STRICT_PROTOTYPES = YES;
				CLANG_WARN_SUSPICIOUS_MOVE = YES;
				CLANG_WARN_UNGUARDED_AVAILABILITY = YES_AGGRESSIVE;
				CLANG_WARN_UNREACHABLE_CODE = YES;
				CLANG_WARN__DUPLICATE_METHOD_MATCH = YES;
				COPY_PHASE_STRIP = NO;
				DEBUG_INFORMATION_FORMAT = dwarf;
				ENABLE_STRICT_OBJC_MSGSEND = YES;
				ENABLE_TESTABILITY = YES;
				GCC_C_LANGUAGE_STANDARD = gnu11;
				GCC_DYNAMIC_NO_PIC = NO;
				GCC_NO_COMMON_BLOCKS = YES;
				GCC_OPTIMIZATION_LEVEL = 0;
				GCC_PREPROCESSOR_DEFINITIONS = (
					"DEBUG=1",
					"$(inherited)",
				);
				GCC_WARN_64_TO_32_BIT_CONVERSION = YES;
				GCC_WARN_ABOUT_RETURN_TYPE = YES_ERROR;
				GCC_WARN_UNDECLARED_SELECTOR = YES;
				GCC_WARN_UNINITIALIZED_AUTOS = YES_AGGRESSIVE;
				GCC_WARN_UNUSED_FUNCTION = YES;
				GCC_WARN_UNUSED_VARIABLE = YES;
				IPHONEOS_DEPLOYMENT_TARGET = 13.2;
				MTL_ENABLE_DEBUG_INFO = INCLUDE_SOURCE;
				MTL_FAST_MATH = YES;
				ONLY_ACTIVE_ARCH = YES;
				SDKROOT = iphoneos;
				SWIFT_ACTIVE_COMPILATION_CONDITIONS = DEBUG;
				SWIFT_OPTIMIZATION_LEVEL = "-Onone";
			};
			name = Debug;
		};
		48684DA923EAF62000AFC51F /* Release */ = {
			isa = XCBuildConfiguration;
			buildSettings = {
				ALWAYS_SEARCH_USER_PATHS = NO;
				CLANG_ANALYZER_NONNULL = YES;
				CLANG_ANALYZER_NUMBER_OBJECT_CONVERSION = YES_AGGRESSIVE;
				CLANG_CXX_LANGUAGE_STANDARD = "gnu++14";
				CLANG_CXX_LIBRARY = "libc++";
				CLANG_ENABLE_MODULES = YES;
				CLANG_ENABLE_OBJC_ARC = YES;
				CLANG_ENABLE_OBJC_WEAK = YES;
				CLANG_WARN_BLOCK_CAPTURE_AUTORELEASING = YES;
				CLANG_WARN_BOOL_CONVERSION = YES;
				CLANG_WARN_COMMA = YES;
				CLANG_WARN_CONSTANT_CONVERSION = YES;
				CLANG_WARN_DEPRECATED_OBJC_IMPLEMENTATIONS = YES;
				CLANG_WARN_DIRECT_OBJC_ISA_USAGE = YES_ERROR;
				CLANG_WARN_DOCUMENTATION_COMMENTS = YES;
				CLANG_WARN_EMPTY_BODY = YES;
				CLANG_WARN_ENUM_CONVERSION = YES;
				CLANG_WARN_INFINITE_RECURSION = YES;
				CLANG_WARN_INT_CONVERSION = YES;
				CLANG_WARN_NON_LITERAL_NULL_CONVERSION = YES;
				CLANG_WARN_OBJC_IMPLICIT_RETAIN_SELF = YES;
				CLANG_WARN_OBJC_LITERAL_CONVERSION = YES;
				CLANG_WARN_OBJC_ROOT_CLASS = YES_ERROR;
				CLANG_WARN_RANGE_LOOP_ANALYSIS = YES;
				CLANG_WARN_STRICT_PROTOTYPES = YES;
				CLANG_WARN_SUSPICIOUS_MOVE = YES;
				CLANG_WARN_UNGUARDED_AVAILABILITY = YES_AGGRESSIVE;
				CLANG_WARN_UNREACHABLE_CODE = YES;
				CLANG_WARN__DUPLICATE_METHOD_MATCH = YES;
				COPY_PHASE_STRIP = NO;
				DEBUG_INFORMATION_FORMAT = "dwarf-with-dsym";
				ENABLE_NS_ASSERTIONS = NO;
				ENABLE_STRICT_OBJC_MSGSEND = YES;
				GCC_C_LANGUAGE_STANDARD = gnu11;
				GCC_NO_COMMON_BLOCKS = YES;
				GCC_WARN_64_TO_32_BIT_CONVERSION = YES;
				GCC_WARN_ABOUT_RETURN_TYPE = YES_ERROR;
				GCC_WARN_UNDECLARED_SELECTOR = YES;
				GCC_WARN_UNINITIALIZED_AUTOS = YES_AGGRESSIVE;
				GCC_WARN_UNUSED_FUNCTION = YES;
				GCC_WARN_UNUSED_VARIABLE = YES;
				IPHONEOS_DEPLOYMENT_TARGET = 13.2;
				MTL_ENABLE_DEBUG_INFO = NO;
				MTL_FAST_MATH = YES;
				SDKROOT = iphoneos;
				SWIFT_COMPILATION_MODE = wholemodule;
				SWIFT_OPTIMIZATION_LEVEL = "-O";
				VALIDATE_PRODUCT = YES;
			};
			name = Release;
		};
		48684DAB23EAF62000AFC51F /* Debug */ = {
			isa = XCBuildConfiguration;
			buildSettings = {
				ASSETCATALOG_COMPILER_APPICON_NAME = AppIcon;
				CODE_SIGN_STYLE = Automatic;
				DEVELOPMENT_TEAM = F6YKXGCGJX;
				INFOPLIST_FILE = login/Info.plist;
				LD_RUNPATH_SEARCH_PATHS = (
					"$(inherited)",
					"@executable_path/Frameworks",
				);
				PRODUCT_BUNDLE_IDENTIFIER = test.login;
				PRODUCT_NAME = "$(TARGET_NAME)";
				SWIFT_VERSION = 5.0;
				TARGETED_DEVICE_FAMILY = "1,2";
			};
			name = Debug;
		};
		48684DAC23EAF62000AFC51F /* Release */ = {
			isa = XCBuildConfiguration;
			buildSettings = {
				ASSETCATALOG_COMPILER_APPICON_NAME = AppIcon;
				CODE_SIGN_STYLE = Automatic;
				DEVELOPMENT_TEAM = F6YKXGCGJX;
				INFOPLIST_FILE = login/Info.plist;
				LD_RUNPATH_SEARCH_PATHS = (
					"$(inherited)",
					"@executable_path/Frameworks",
				);
				PRODUCT_BUNDLE_IDENTIFIER = test.login;
				PRODUCT_NAME = "$(TARGET_NAME)";
				SWIFT_VERSION = 5.0;
				TARGETED_DEVICE_FAMILY = "1,2";
			};
			name = Release;
		};
		48684DAE23EAF62000AFC51F /* Debug */ = {
			isa = XCBuildConfiguration;
			buildSettings = {
				ALWAYS_EMBED_SWIFT_STANDARD_LIBRARIES = YES;
				BUNDLE_LOADER = "$(TEST_HOST)";
				CODE_SIGN_STYLE = Automatic;
				DEVELOPMENT_TEAM = F6YKXGCGJX;
				INFOPLIST_FILE = loginTests/Info.plist;
				IPHONEOS_DEPLOYMENT_TARGET = 13.2;
				LD_RUNPATH_SEARCH_PATHS = (
					"$(inherited)",
					"@executable_path/Frameworks",
					"@loader_path/Frameworks",
				);
				PRODUCT_BUNDLE_IDENTIFIER = test.loginTests;
				PRODUCT_NAME = "$(TARGET_NAME)";
				SWIFT_VERSION = 5.0;
				TARGETED_DEVICE_FAMILY = "1,2";
				TEST_HOST = "$(BUILT_PRODUCTS_DIR)/login.app/login";
			};
			name = Debug;
		};
		48684DAF23EAF62000AFC51F /* Release */ = {
			isa = XCBuildConfiguration;
			buildSettings = {
				ALWAYS_EMBED_SWIFT_STANDARD_LIBRARIES = YES;
				BUNDLE_LOADER = "$(TEST_HOST)";
				CODE_SIGN_STYLE = Automatic;
				DEVELOPMENT_TEAM = F6YKXGCGJX;
				INFOPLIST_FILE = loginTests/Info.plist;
				IPHONEOS_DEPLOYMENT_TARGET = 13.2;
				LD_RUNPATH_SEARCH_PATHS = (
					"$(inherited)",
					"@executable_path/Frameworks",
					"@loader_path/Frameworks",
				);
				PRODUCT_BUNDLE_IDENTIFIER = test.loginTests;
				PRODUCT_NAME = "$(TARGET_NAME)";
				SWIFT_VERSION = 5.0;
				TARGETED_DEVICE_FAMILY = "1,2";
				TEST_HOST = "$(BUILT_PRODUCTS_DIR)/login.app/login";
			};
			name = Release;
		};
		48684DB123EAF62000AFC51F /* Debug */ = {
			isa = XCBuildConfiguration;
			buildSettings = {
				ALWAYS_EMBED_SWIFT_STANDARD_LIBRARIES = YES;
				CODE_SIGN_STYLE = Automatic;
				DEVELOPMENT_TEAM = F6YKXGCGJX;
				INFOPLIST_FILE = loginUITests/Info.plist;
				LD_RUNPATH_SEARCH_PATHS = (
					"$(inherited)",
					"@executable_path/Frameworks",
					"@loader_path/Frameworks",
				);
				PRODUCT_BUNDLE_IDENTIFIER = test.loginUITests;
				PRODUCT_NAME = "$(TARGET_NAME)";
				SWIFT_VERSION = 5.0;
				TARGETED_DEVICE_FAMILY = "1,2";
				TEST_TARGET_NAME = login;
			};
			name = Debug;
		};
		48684DB223EAF62000AFC51F /* Release */ = {
			isa = XCBuildConfiguration;
			buildSettings = {
				ALWAYS_EMBED_SWIFT_STANDARD_LIBRARIES = YES;
				CODE_SIGN_STYLE = Automatic;
				DEVELOPMENT_TEAM = F6YKXGCGJX;
				INFOPLIST_FILE = loginUITests/Info.plist;
				LD_RUNPATH_SEARCH_PATHS = (
					"$(inherited)",
					"@executable_path/Frameworks",
					"@loader_path/Frameworks",
				);
				PRODUCT_BUNDLE_IDENTIFIER = test.loginUITests;
				PRODUCT_NAME = "$(TARGET_NAME)";
				SWIFT_VERSION = 5.0;
				TARGETED_DEVICE_FAMILY = "1,2";
				TEST_TARGET_NAME = login;
			};
			name = Release;
		};
/* End XCBuildConfiguration section */

/* Begin XCConfigurationList section */
		48684D7B23EAF61E00AFC51F /* Build configuration list for PBXProject "login" */ = {
			isa = XCConfigurationList;
			buildConfigurations = (
				48684DA823EAF62000AFC51F /* Debug */,
				48684DA923EAF62000AFC51F /* Release */,
			);
			defaultConfigurationIsVisible = 0;
			defaultConfigurationName = Release;
		};
		48684DAA23EAF62000AFC51F /* Build configuration list for PBXNativeTarget "login" */ = {
			isa = XCConfigurationList;
			buildConfigurations = (
				48684DAB23EAF62000AFC51F /* Debug */,
				48684DAC23EAF62000AFC51F /* Release */,
			);
			defaultConfigurationIsVisible = 0;
			defaultConfigurationName = Release;
		};
		48684DAD23EAF62000AFC51F /* Build configuration list for PBXNativeTarget "loginTests" */ = {
			isa = XCConfigurationList;
			buildConfigurations = (
				48684DAE23EAF62000AFC51F /* Debug */,
				48684DAF23EAF62000AFC51F /* Release */,
			);
			defaultConfigurationIsVisible = 0;
			defaultConfigurationName = Release;
		};
		48684DB023EAF62000AFC51F /* Build configuration list for PBXNativeTarget "loginUITests" */ = {
			isa = XCConfigurationList;
			buildConfigurations = (
				48684DB123EAF62000AFC51F /* Debug */,
				48684DB223EAF62000AFC51F /* Release */,
			);
			defaultConfigurationIsVisible = 0;
			defaultConfigurationName = Release;
		};
/* End XCConfigurationList section */
	};
	rootObject = 48684D7823EAF61E00AFC51F /* Project object */;
}
